
Microsoft Visual Studio Solution File, Format Version 12.00
# Visual Studio 15
VisualStudioVersion = 15.0.28307.645
MinimumVisualStudioVersion = 10.0.40219.1
Project("{FAE04EC0-301F-11D3-BF4B-00C04F79EFBC}") = "WebSettings", "WebSettings\WebSettings.csproj", "{B304D0D5-72D5-488E-B841-6415DDE30EC1}"
EndProject
Global
	GlobalSection(SolutionConfigurationPlatforms) = preSolution
		Debug|Any CPU = Debug|Any CPU
		Release|Any CPU = Release|Any CPU
	EndGlobalSection
	GlobalSection(ProjectConfigurationPlatforms) = postSolution
		{B304D0D5-72D5-488E-B841-6415DDE30EC1}.Debug|Any CPU.ActiveCfg = Debug|Any CPU
		{B304D0D5-72D5-488E-B841-6415DDE30EC1}.Debug|Any CPU.Build.0 = Debug|Any CPU
		{B304D0D5-72D5-488E-B841-6415DDE30EC1}.Release|Any CPU.ActiveCfg = Release|Any CPU
		{B304D0D5-72D5-488E-B841-6415DDE30EC1}.Release|Any CPU.Build.0 = Release|Any CPU
	EndGlobalSection
	GlobalSection(SolutionProperties) = preSolution
		HideSolutionNode = FALSE
	EndGlobalSection
	GlobalSection(ExtensibilityGlobals) = postSolution
		SolutionGuid = {4A019783-AB92-46A6-AE48-31C9B97AEC9F}
	EndGlobalSection
EndGlobal
